github.com/godbus/dbus/v5 v5.0.6 h1:mkgN1ofwASrYnJ5W6U/BxG15eXXXjirgZc7CLqkcaro=
github.com/godbus/dbus/v5 v5.0.6/go.mod h1:xhWf0FNVPg57R7Z0UbKHbJfkEywrmjJnf7w5xrFpKfA=
github.com/jandre/procfs v0.0.0-20150609131925-f645421657bb h1:YP/wRIW8MGz9lGHnXdxxltGm8Nq613qc+YrXOyx/a+0=
github.com/jandre/procfs v0.0.0-20150609131925-f645421657bb/go.mod h1:jUuOKgs2AZNSQoDL4dmKCW7XgHzSTu4udmnw4/zExJs=
