github.com/awalterschulze/gographviz v2.0.3+incompatible h1:9sVEXJBJLwGX7EQVhLm2elIKCm7P2YHFC8v6096G09E=
github.com/jibenliu/govaluateplus v0.0.0-20230627101533-028b50f146af h1:YRhUzBIqq2ymJ3XLuhY1uLr0oOWx7dNSFib7gXVdomk=
github.com/jibenliu/govaluateplus v0.0.0-20230627101533-028b50f146af/go.mod h1:GxOs0R/7qHse8QMGGv0pM4Rc5G1z9a0++45PycKNiXg=
